
Microsoft Visual Studio Solution File, Format Version 12.00
# Visual Studio Version 17
VisualStudioVersion = 17.12.35728.132
MinimumVisualStudioVersion = 10.0.40219.1
Project("{FAE04EC0-301F-11D3-BF4B-00C04F79EFBC}") = "Umbraco.ContentInsights.Website.Web", "src\Umbraco.ContentInsights.Website.Web\Umbraco.ContentInsights.Website.Web.csproj", "{BB6FEC1E-185D-09F9-868C-E6BD9713BDBD}"
EndProject
Project("{FAE04EC0-301F-11D3-BF4B-00C04F79EFBC}") = "Umbraco.ContentInsights.Website.Core", "src\Umbraco.ContentInsights.Website.Core\Umbraco.ContentInsights.Website.Core.csproj", "{38A19B45-275B-B2AC-B63A-E939654D4958}"
EndProject
Global
	GlobalSection(SolutionConfigurationPlatforms) = preSolution
		Debug|Any CPU = Debug|Any CPU
		Release|Any CPU = Release|Any CPU
	EndGlobalSection
	GlobalSection(ProjectConfigurationPlatforms) = postSolution
		{BB6FEC1E-185D-09F9-868C-E6BD9713BDBD}.Debug|Any CPU.ActiveCfg = Debug|Any CPU
		{BB6FEC1E-185D-09F9-868C-E6BD9713BDBD}.Debug|Any CPU.Build.0 = Debug|Any CPU
		{BB6FEC1E-185D-09F9-868C-E6BD9713BDBD}.Release|Any CPU.ActiveCfg = Release|Any CPU
		{BB6FEC1E-185D-09F9-868C-E6BD9713BDBD}.Release|Any CPU.Build.0 = Release|Any CPU
		{38A19B45-275B-B2AC-B63A-E939654D4958}.Debug|Any CPU.ActiveCfg = Debug|Any CPU
		{38A19B45-275B-B2AC-B63A-E939654D4958}.Debug|Any CPU.Build.0 = Debug|Any CPU
		{38A19B45-275B-B2AC-B63A-E939654D4958}.Release|Any CPU.ActiveCfg = Release|Any CPU
		{38A19B45-275B-B2AC-B63A-E939654D4958}.Release|Any CPU.Build.0 = Release|Any CPU
	EndGlobalSection
	GlobalSection(SolutionProperties) = preSolution
		HideSolutionNode = FALSE
	EndGlobalSection
	GlobalSection(ExtensibilityGlobals) = postSolution
		SolutionGuid = {F93ADC11-8118-4D37-BA5B-770A46B192C6}
	EndGlobalSection
EndGlobal

